
Microsoft Visual Studio Solution File, Format Version 12.00
# Visual Studio Version 17
VisualStudioVersion = 17.13.35818.85 d17.13
MinimumVisualStudioVersion = 10.0.40219.1
Project("{8BC9CEB8-8B4A-11D0-8D11-00A0C91BC942}") = "Shell", "Shell\Shell.vcxproj", "{A0C3AA51-0FA2-4AFB-81E6-3A15B77F983D}"
EndProject
Global
	GlobalSection(SolutionConfigurationPlatforms) = preSolution
		Debug|x64 = Debug|x64
		Debug|x86 = Debug|x86
		Release|x64 = Release|x64
		Release|x86 = Release|x86
	EndGlobalSection
	GlobalSection(ProjectConfigurationPlatforms) = postSolution
		{A0C3AA51-0FA2-4AFB-81E6-3A15B77F983D}.Debug|x64.ActiveCfg = Debug|x64
		{A0C3AA51-0FA2-4AFB-81E6-3A15B77F983D}.Debug|x64.Build.0 = Debug|x64
		{A0C3AA51-0FA2-4AFB-81E6-3A15B77F983D}.Debug|x86.ActiveCfg = Debug|Win32
		{A0C3AA51-0FA2-4AFB-81E6-3A15B77F983D}.Debug|x86.Build.0 = Debug|Win32
		{A0C3AA51-0FA2-4AFB-81E6-3A15B77F983D}.Release|x64.ActiveCfg = Release|x64
		{A0C3AA51-0FA2-4AFB-81E6-3A15B77F983D}.Release|x64.Build.0 = Release|x64
		{A0C3AA51-0FA2-4AFB-81E6-3A15B77F983D}.Release|x86.ActiveCfg = Release|Win32
		{A0C3AA51-0FA2-4AFB-81E6-3A15B77F983D}.Release|x86.Build.0 = Release|Win32
	EndGlobalSection
	GlobalSection(SolutionProperties) = preSolution
		HideSolutionNode = FALSE
	EndGlobalSection
	GlobalSection(ExtensibilityGlobals) = postSolution
		SolutionGuid = {E199147B-CEC8-49D0-AB59-A3C69DC6C132}
	EndGlobalSection
EndGlobal
